
Microsoft Visual Studio Solution File, Format Version 12.00
# Visual Studio Version 17
VisualStudioVersion = 17.1.32421.90
MinimumVisualStudioVersion = 10.0.40219.1
Project("{FAE04EC0-301F-11D3-BF4B-00C04F79EFBC}") = "YTS_Downloader", "YTS_Downloader.csproj", "{BBE668A9-9663-45F7-9AEC-62292C27C55F}"
EndProject
Global
	GlobalSection(SolutionConfigurationPlatforms) = preSolution
		Debug|Any CPU = Debug|Any CPU
		Release|Any CPU = Release|Any CPU
	EndGlobalSection
	GlobalSection(ProjectConfigurationPlatforms) = postSolution
		{BBE668A9-9663-45F7-9AEC-62292C27C55F}.Debug|Any CPU.ActiveCfg = Debug|Any CPU
		{BBE668A9-9663-45F7-9AEC-62292C27C55F}.Debug|Any CPU.Build.0 = Debug|Any CPU
		{BBE668A9-9663-45F7-9AEC-62292C27C55F}.Release|Any CPU.ActiveCfg = Release|Any CPU
		{BBE668A9-9663-45F7-9AEC-62292C27C55F}.Release|Any CPU.Build.0 = Release|Any CPU
	EndGlobalSection
	GlobalSection(SolutionProperties) = preSolution
		HideSolutionNode = FALSE
	EndGlobalSection
	GlobalSection(ExtensibilityGlobals) = postSolution
		SolutionGuid = {D4FFA645-726D-4A48-A61D-58F8F212134F}
	EndGlobalSection
EndGlobal
